
Microsoft Visual Studio Solution File, Format Version 12.00
# Visual Studio Version 17
VisualStudioVersion = 17.2.32630.192
MinimumVisualStudioVersion = 10.0.40219.1
Project("{9A19103F-16F7-4668-BE54-9A1E7A4F7556}") = "F10Y.L0031.Construction", "F10Y.L0031.Construction\F10Y.L0031.Construction.csproj", "{6D09C71F-9DF8-4C61-86F6-687F7AC2485E}"
EndProject
Project("{9A19103F-16F7-4668-BE54-9A1E7A4F7556}") = "F10Y.L0031", "F10Y.L0031\F10Y.L0031.csproj", "{B5CEFD18-D6E0-4309-8656-5BB1E88F2D40}"
EndProject
Project("{9A19103F-16F7-4668-BE54-9A1E7A4F7556}") = "F10Y.L0031.L000", "F10Y.L0031.L000\F10Y.L0031.L000.csproj", "{675E94C9-55EA-4501-81C1-FF202C4EEB6C}"
EndProject
Project("{2150E333-8FDC-42A3-9474-1A3956D46DE8}") = "_Dependencies", "_Dependencies", "{5094D29A-8491-46A9-A7EA-95EBAD44F780}"
EndProject
Project("{9A19103F-16F7-4668-BE54-9A1E7A4F7556}") = "F10Y.L0000", "..\..\F10Y.L0000\source\F10Y.L0000\F10Y.L0000.csproj", "{9DA0BC2A-23B1-4710-B12C-89B714A45EB6}"
EndProject
Project("{9A19103F-16F7-4668-BE54-9A1E7A4F7556}") = "F10Y.T0000", "..\..\F10Y.T0000\source\F10Y.T0000\F10Y.T0000.csproj", "{6DB01529-D8EA-4733-AEBF-B26C13AF7326}"
EndProject
Project("{9A19103F-16F7-4668-BE54-9A1E7A4F7556}") = "F10Y.T0001", "..\..\F10Y.T0001\source\F10Y.T0001\F10Y.T0001.csproj", "{6D3645A5-A3DC-4011-90D4-F352914C30EE}"
EndProject
Project("{9A19103F-16F7-4668-BE54-9A1E7A4F7556}") = "F10Y.T0002", "..\..\F10Y.T0002\source\F10Y.T0002\F10Y.T0002.csproj", "{8CE9E8F6-AE62-4269-9816-4E01D089A7E9}"
EndProject
Project("{9A19103F-16F7-4668-BE54-9A1E7A4F7556}") = "F10Y.T0003", "..\..\F10Y.T0003\source\F10Y.T0003\F10Y.T0003.csproj", "{E4153F67-4E98-439F-9D78-E8EBF913882D}"
EndProject
Project("{9A19103F-16F7-4668-BE54-9A1E7A4F7556}") = "F10Y.T0011", "..\..\F10Y.T0011\source\F10Y.T0011\F10Y.T0011.csproj", "{5480707A-9C14-42CF-99F8-45A6C4FE0162}"
EndProject
Project("{9A19103F-16F7-4668-BE54-9A1E7A4F7556}") = "F10Y.Y0000", "..\..\F10Y.Y0000\source\F10Y.Y0000\F10Y.Y0000.csproj", "{3D9C7D6B-9D5B-4198-8904-DB72CA19621D}"
EndProject
Project("{9A19103F-16F7-4668-BE54-9A1E7A4F7556}") = "F10Y.NG0006", "..\..\F10Y.NG0006\source\F10Y.NG0006\F10Y.NG0006.csproj", "{C2F9BDF9-431F-40D7-8C4B-37E4465F192B}"
EndProject
Global
	GlobalSection(NestedProjects) = preSolution
		{9DA0BC2A-23B1-4710-B12C-89B714A45EB6} = {5094D29A-8491-46A9-A7EA-95EBAD44F780}
		{6DB01529-D8EA-4733-AEBF-B26C13AF7326} = {5094D29A-8491-46A9-A7EA-95EBAD44F780}
		{6D3645A5-A3DC-4011-90D4-F352914C30EE} = {5094D29A-8491-46A9-A7EA-95EBAD44F780}
		{8CE9E8F6-AE62-4269-9816-4E01D089A7E9} = {5094D29A-8491-46A9-A7EA-95EBAD44F780}
		{E4153F67-4E98-439F-9D78-E8EBF913882D} = {5094D29A-8491-46A9-A7EA-95EBAD44F780}
		{5480707A-9C14-42CF-99F8-45A6C4FE0162} = {5094D29A-8491-46A9-A7EA-95EBAD44F780}
		{3D9C7D6B-9D5B-4198-8904-DB72CA19621D} = {5094D29A-8491-46A9-A7EA-95EBAD44F780}
		{C2F9BDF9-431F-40D7-8C4B-37E4465F192B} = {5094D29A-8491-46A9-A7EA-95EBAD44F780}
	EndGlobalSection
	GlobalSection(SolutionConfigurationPlatforms) = preSolution
		Debug|Any CPU = Debug|Any CPU
		Release|Any CPU = Release|Any CPU
	EndGlobalSection
	GlobalSection(ProjectConfigurationPlatforms) = postSolution
		{6D09C71F-9DF8-4C61-86F6-687F7AC2485E}.Debug|Any CPU.ActiveCfg = Debug|Any CPU
		{6D09C71F-9DF8-4C61-86F6-687F7AC2485E}.Debug|Any CPU.Build.0 = Debug|Any CPU
		{6D09C71F-9DF8-4C61-86F6-687F7AC2485E}.Release|Any CPU.ActiveCfg = Release|Any CPU
		{6D09C71F-9DF8-4C61-86F6-687F7AC2485E}.Release|Any CPU.Build.0 = Release|Any CPU
		{B5CEFD18-D6E0-4309-8656-5BB1E88F2D40}.Debug|Any CPU.ActiveCfg = Debug|Any CPU
		{B5CEFD18-D6E0-4309-8656-5BB1E88F2D40}.Debug|Any CPU.Build.0 = Debug|Any CPU
		{B5CEFD18-D6E0-4309-8656-5BB1E88F2D40}.Release|Any CPU.ActiveCfg = Release|Any CPU
		{B5CEFD18-D6E0-4309-8656-5BB1E88F2D40}.Release|Any CPU.Build.0 = Release|Any CPU
		{675E94C9-55EA-4501-81C1-FF202C4EEB6C}.Debug|Any CPU.ActiveCfg = Debug|Any CPU
		{675E94C9-55EA-4501-81C1-FF202C4EEB6C}.Debug|Any CPU.Build.0 = Debug|Any CPU
		{675E94C9-55EA-4501-81C1-FF202C4EEB6C}.Release|Any CPU.ActiveCfg = Release|Any CPU
		{675E94C9-55EA-4501-81C1-FF202C4EEB6C}.Release|Any CPU.Build.0 = Release|Any CPU
		{9DA0BC2A-23B1-4710-B12C-89B714A45EB6}.Debug|Any CPU.ActiveCfg = Debug|Any CPU
		{9DA0BC2A-23B1-4710-B12C-89B714A45EB6}.Debug|Any CPU.Build.0 = Debug|Any CPU
		{9DA0BC2A-23B1-4710-B12C-89B714A45EB6}.Release|Any CPU.ActiveCfg = Release|Any CPU
		{9DA0BC2A-23B1-4710-B12C-89B714A45EB6}.Release|Any CPU.Build.0 = Release|Any CPU
		{6DB01529-D8EA-4733-AEBF-B26C13AF7326}.Debug|Any CPU.ActiveCfg = Debug|Any CPU
		{6DB01529-D8EA-4733-AEBF-B26C13AF7326}.Debug|Any CPU.Build.0 = Debug|Any CPU
		{6DB01529-D8EA-4733-AEBF-B26C13AF7326}.Release|Any CPU.ActiveCfg = Release|Any CPU
		{6DB01529-D8EA-4733-AEBF-B26C13AF7326}.Release|Any CPU.Build.0 = Release|Any CPU
		{6D3645A5-A3DC-4011-90D4-F352914C30EE}.Debug|Any CPU.ActiveCfg = Debug|Any CPU
		{6D3645A5-A3DC-4011-90D4-F352914C30EE}.Debug|Any CPU.Build.0 = Debug|Any CPU
		{6D3645A5-A3DC-4011-90D4-F352914C30EE}.Release|Any CPU.ActiveCfg = Release|Any CPU
		{6D3645A5-A3DC-4011-90D4-F352914C30EE}.Release|Any CPU.Build.0 = Release|Any CPU
		{8CE9E8F6-AE62-4269-9816-4E01D089A7E9}.Debug|Any CPU.ActiveCfg = Debug|Any CPU
		{8CE9E8F6-AE62-4269-9816-4E01D089A7E9}.Debug|Any CPU.Build.0 = Debug|Any CPU
		{8CE9E8F6-AE62-4269-9816-4E01D089A7E9}.Release|Any CPU.ActiveCfg = Release|Any CPU
		{8CE9E8F6-AE62-4269-9816-4E01D089A7E9}.Release|Any CPU.Build.0 = Release|Any CPU
		{E4153F67-4E98-439F-9D78-E8EBF913882D}.Debug|Any CPU.ActiveCfg = Debug|Any CPU
		{E4153F67-4E98-439F-9D78-E8EBF913882D}.Debug|Any CPU.Build.0 = Debug|Any CPU
		{E4153F67-4E98-439F-9D78-E8EBF913882D}.Release|Any CPU.ActiveCfg = Release|Any CPU
		{E4153F67-4E98-439F-9D78-E8EBF913882D}.Release|Any CPU.Build.0 = Release|Any CPU
		{5480707A-9C14-42CF-99F8-45A6C4FE0162}.Debug|Any CPU.ActiveCfg = Debug|Any CPU
		{5480707A-9C14-42CF-99F8-45A6C4FE0162}.Debug|Any CPU.Build.0 = Debug|Any CPU
		{5480707A-9C14-42CF-99F8-45A6C4FE0162}.Release|Any CPU.ActiveCfg = Release|Any CPU
		{5480707A-9C14-42CF-99F8-45A6C4FE0162}.Release|Any CPU.Build.0 = Release|Any CPU
		{3D9C7D6B-9D5B-4198-8904-DB72CA19621D}.Debug|Any CPU.ActiveCfg = Debug|Any CPU
		{3D9C7D6B-9D5B-4198-8904-DB72CA19621D}.Debug|Any CPU.Build.0 = Debug|Any CPU
		{3D9C7D6B-9D5B-4198-8904-DB72CA19621D}.Release|Any CPU.ActiveCfg = Release|Any CPU
		{3D9C7D6B-9D5B-4198-8904-DB72CA19621D}.Release|Any CPU.Build.0 = Release|Any CPU
		{C2F9BDF9-431F-40D7-8C4B-37E4465F192B}.Debug|Any CPU.ActiveCfg = Debug|Any CPU
		{C2F9BDF9-431F-40D7-8C4B-37E4465F192B}.Debug|Any CPU.Build.0 = Debug|Any CPU
		{C2F9BDF9-431F-40D7-8C4B-37E4465F192B}.Release|Any CPU.ActiveCfg = Release|Any CPU
		{C2F9BDF9-431F-40D7-8C4B-37E4465F192B}.Release|Any CPU.Build.0 = Release|Any CPU
	EndGlobalSection
	GlobalSection(SolutionProperties) = preSolution
		HideSolutionNode = FALSE
	EndGlobalSection
	GlobalSection(ExtensibilityGlobals) = postSolution
		SolutionGuid = {D319D248-3580-461E-892F-436BEEE03A81}
	EndGlobalSection
EndGlobal
